
Microsoft Visual Studio Solution File, Format Version 12.00
# Visual Studio 15
VisualStudioVersion = 15.0.33026.149
MinimumVisualStudioVersion = 10.0.40219.1
Project("{9A19103F-16F7-4668-BE54-9A1E7A4F7556}") = "ProjetCsharp", "ProjetCsharp\ProjetCsharp.csproj", "{9E907669-1AE6-4354-8C07-8CD94CDC4F4A}"
EndProject
Project("{9A19103F-16F7-4668-BE54-9A1E7A4F7556}") = "ProjetCsharp.DAL", "ProjetCsharp.DAL\ProjetCsharp.DAL.csproj", "{57C8A23B-4827-42E4-9290-2780DB3EBDE7}"
EndProject
Project("{FAE04EC0-301F-11D3-BF4B-00C04F79EFBC}") = "ProjetCsharp.BL", "ProjetCsharp.BL\ProjetCsharp.BL.csproj", "{F14E4E0E-DFC9-4210-8455-C87CD66CF58C}"
EndProject
Global
	GlobalSection(SolutionConfigurationPlatforms) = preSolution
		Debug|Any CPU = Debug|Any CPU
		Release|Any CPU = Release|Any CPU
	EndGlobalSection
	GlobalSection(ProjectConfigurationPlatforms) = postSolution
		{9E907669-1AE6-4354-8C07-8CD94CDC4F4A}.Debug|Any CPU.ActiveCfg = Debug|Any CPU
		{9E907669-1AE6-4354-8C07-8CD94CDC4F4A}.Debug|Any CPU.Build.0 = Debug|Any CPU
		{9E907669-1AE6-4354-8C07-8CD94CDC4F4A}.Release|Any CPU.ActiveCfg = Release|Any CPU
		{9E907669-1AE6-4354-8C07-8CD94CDC4F4A}.Release|Any CPU.Build.0 = Release|Any CPU
		{57C8A23B-4827-42E4-9290-2780DB3EBDE7}.Debug|Any CPU.ActiveCfg = Debug|Any CPU
		{57C8A23B-4827-42E4-9290-2780DB3EBDE7}.Debug|Any CPU.Build.0 = Debug|Any CPU
		{57C8A23B-4827-42E4-9290-2780DB3EBDE7}.Release|Any CPU.ActiveCfg = Release|Any CPU
		{57C8A23B-4827-42E4-9290-2780DB3EBDE7}.Release|Any CPU.Build.0 = Release|Any CPU
		{F14E4E0E-DFC9-4210-8455-C87CD66CF58C}.Debug|Any CPU.ActiveCfg = Debug|Any CPU
		{F14E4E0E-DFC9-4210-8455-C87CD66CF58C}.Debug|Any CPU.Build.0 = Debug|Any CPU
		{F14E4E0E-DFC9-4210-8455-C87CD66CF58C}.Release|Any CPU.ActiveCfg = Release|Any CPU
		{F14E4E0E-DFC9-4210-8455-C87CD66CF58C}.Release|Any CPU.Build.0 = Release|Any CPU
	EndGlobalSection
	GlobalSection(SolutionProperties) = preSolution
		HideSolutionNode = FALSE
	EndGlobalSection
	GlobalSection(ExtensibilityGlobals) = postSolution
		SolutionGuid = {FD493308-6BEC-4CF2-ABBD-0862B97C31CE}
	EndGlobalSection
EndGlobal
